
Microsoft Visual Studio Solution File, Format Version 12.00
# Visual Studio 14
VisualStudioVersion = 14.0.23107.0
MinimumVisualStudioVersion = 10.0.40219.1
Project("{2150E333-8FDC-42A3-9474-1A3956D46DE8}") = "ModernTranslator", "ModernTranslator", "{B8617AA7-6DBB-4B3E-9186-4DD6AB35EDE8}"
EndProject
Project("{D954291E-2A0B-460D-934E-DC6B0785DB48}") = "ModernTranslator.Shared", "ModernTranslator\ModernTranslator.Shared\ModernTranslator.Shared.shproj", "{B40E93D1-23C2-490D-ACF6-C7C0BF7CC6CE}"
EndProject
Project("{262852C6-CD72-467D-83FE-5EEB1973A190}") = "ModernTranslator.Windows", "ModernTranslator\ModernTranslator.Windows\ModernTranslator.Windows.jsproj", "{73256886-AB19-48B3-88F8-80EB2C04B3F4}"
EndProject
Project("{262852C6-CD72-467D-83FE-5EEB1973A190}") = "ModernTranslator.WindowsPhone", "ModernTranslator\ModernTranslator.WindowsPhone\ModernTranslator.WindowsPhone.jsproj", "{9CEB3B64-E099-413A-A234-591156D31069}"
EndProject
Project("{8BC9CEB8-8B4A-11D0-8D11-00A0C91BC942}") = "SQLite.Shared", "ModernTranslator\SQLite.Shared\SQLite.Shared.vcxitems", "{CBF60A61-5B6C-4666-AEF5-17EA586736CB}"
EndProject
Project("{8BC9CEB8-8B4A-11D0-8D11-00A0C91BC942}") = "SQLite.WindowsPhone", "ModernTranslator\SQLite.Phone\SQLite.WindowsPhone.vcxproj", "{5796F605-213E-45C1-BD46-62AB9BEC3CC0}"
EndProject
Project("{8BC9CEB8-8B4A-11D0-8D11-00A0C91BC942}") = "SQLite.Windows", "ModernTranslator\SQLite.PC\SQLite.Windows.vcxproj", "{BF8CE2EC-1E71-42F9-B832-87FADDAFBB6B}"
EndProject
Global
	GlobalSection(SharedMSBuildProjectFiles) = preSolution
		ModernTranslator\SQLite.Shared\SQLite.Shared.vcxitems*{cbf60a61-5b6c-4666-aef5-17ea586736cb}*SharedItemsImports = 9
		ModernTranslator\SQLite.Shared\SQLite.Shared.vcxitems*{5796f605-213e-45c1-bd46-62ab9bec3cc0}*SharedItemsImports = 4
		ModernTranslator\ModernTranslator.Shared\ModernTranslator.Shared.projitems*{9ceb3b64-e099-413a-a234-591156d31069}*SharedItemsImports = 5
		ModernTranslator\SQLite.Shared\SQLite.Shared.vcxitems*{bf8ce2ec-1e71-42f9-b832-87faddafbb6b}*SharedItemsImports = 4
		ModernTranslator\ModernTranslator.Shared\ModernTranslator.Shared.projitems*{b40e93d1-23c2-490d-acf6-c7c0bf7cc6ce}*SharedItemsImports = 13
		ModernTranslator\ModernTranslator.Shared\ModernTranslator.Shared.projitems*{73256886-ab19-48b3-88f8-80eb2c04b3f4}*SharedItemsImports = 5
	EndGlobalSection
	GlobalSection(SolutionConfigurationPlatforms) = preSolution
		Debug|Any CPU = Debug|Any CPU
		Debug|ARM = Debug|ARM
		Debug|x64 = Debug|x64
		Debug|x86 = Debug|x86
		Release|Any CPU = Release|Any CPU
		Release|ARM = Release|ARM
		Release|x64 = Release|x64
		Release|x86 = Release|x86
	EndGlobalSection
	GlobalSection(ProjectConfigurationPlatforms) = postSolution
		{73256886-AB19-48B3-88F8-80EB2C04B3F4}.Debug|Any CPU.ActiveCfg = Debug|Any CPU
		{73256886-AB19-48B3-88F8-80EB2C04B3F4}.Debug|Any CPU.Build.0 = Debug|Any CPU
		{73256886-AB19-48B3-88F8-80EB2C04B3F4}.Debug|Any CPU.Deploy.0 = Debug|Any CPU
		{73256886-AB19-48B3-88F8-80EB2C04B3F4}.Debug|ARM.ActiveCfg = Debug|ARM
		{73256886-AB19-48B3-88F8-80EB2C04B3F4}.Debug|ARM.Build.0 = Debug|ARM
		{73256886-AB19-48B3-88F8-80EB2C04B3F4}.Debug|ARM.Deploy.0 = Debug|ARM
		{73256886-AB19-48B3-88F8-80EB2C04B3F4}.Debug|x64.ActiveCfg = Debug|x64
		{73256886-AB19-48B3-88F8-80EB2C04B3F4}.Debug|x64.Build.0 = Debug|x64
		{73256886-AB19-48B3-88F8-80EB2C04B3F4}.Debug|x64.Deploy.0 = Debug|x64
		{73256886-AB19-48B3-88F8-80EB2C04B3F4}.Debug|x86.ActiveCfg = Debug|x86
		{73256886-AB19-48B3-88F8-80EB2C04B3F4}.Debug|x86.Build.0 = Debug|x86
		{73256886-AB19-48B3-88F8-80EB2C04B3F4}.Debug|x86.Deploy.0 = Debug|x86
		{73256886-AB19-48B3-88F8-80EB2C04B3F4}.Release|Any CPU.ActiveCfg = Release|Any CPU
		{73256886-AB19-48B3-88F8-80EB2C04B3F4}.Release|Any CPU.Build.0 = Release|Any CPU
		{73256886-AB19-48B3-88F8-80EB2C04B3F4}.Release|Any CPU.Deploy.0 = Release|Any CPU
		{73256886-AB19-48B3-88F8-80EB2C04B3F4}.Release|ARM.ActiveCfg = Release|ARM
		{73256886-AB19-48B3-88F8-80EB2C04B3F4}.Release|ARM.Build.0 = Release|ARM
		{73256886-AB19-48B3-88F8-80EB2C04B3F4}.Release|ARM.Deploy.0 = Release|ARM
		{73256886-AB19-48B3-88F8-80EB2C04B3F4}.Release|x64.ActiveCfg = Release|x64
		{73256886-AB19-48B3-88F8-80EB2C04B3F4}.Release|x64.Build.0 = Release|x64
		{73256886-AB19-48B3-88F8-80EB2C04B3F4}.Release|x64.Deploy.0 = Release|x64
		{73256886-AB19-48B3-88F8-80EB2C04B3F4}.Release|x86.ActiveCfg = Release|x86
		{73256886-AB19-48B3-88F8-80EB2C04B3F4}.Release|x86.Build.0 = Release|x86
		{73256886-AB19-48B3-88F8-80EB2C04B3F4}.Release|x86.Deploy.0 = Release|x86
		{9CEB3B64-E099-413A-A234-591156D31069}.Debug|Any CPU.ActiveCfg = Debug|Any CPU
		{9CEB3B64-E099-413A-A234-591156D31069}.Debug|Any CPU.Build.0 = Debug|Any CPU
		{9CEB3B64-E099-413A-A234-591156D31069}.Debug|Any CPU.Deploy.0 = Debug|Any CPU
		{9CEB3B64-E099-413A-A234-591156D31069}.Debug|ARM.ActiveCfg = Debug|ARM
		{9CEB3B64-E099-413A-A234-591156D31069}.Debug|ARM.Build.0 = Debug|ARM
		{9CEB3B64-E099-413A-A234-591156D31069}.Debug|ARM.Deploy.0 = Debug|ARM
		{9CEB3B64-E099-413A-A234-591156D31069}.Debug|x64.ActiveCfg = Debug|ARM
		{9CEB3B64-E099-413A-A234-591156D31069}.Debug|x64.Build.0 = Debug|ARM
		{9CEB3B64-E099-413A-A234-591156D31069}.Debug|x64.Deploy.0 = Debug|ARM
		{9CEB3B64-E099-413A-A234-591156D31069}.Debug|x86.ActiveCfg = Debug|x86
		{9CEB3B64-E099-413A-A234-591156D31069}.Debug|x86.Build.0 = Debug|x86
		{9CEB3B64-E099-413A-A234-591156D31069}.Debug|x86.Deploy.0 = Debug|x86
		{9CEB3B64-E099-413A-A234-591156D31069}.Release|Any CPU.ActiveCfg = Release|Any CPU
		{9CEB3B64-E099-413A-A234-591156D31069}.Release|Any CPU.Build.0 = Release|Any CPU
		{9CEB3B64-E099-413A-A234-591156D31069}.Release|Any CPU.Deploy.0 = Release|Any CPU
		{9CEB3B64-E099-413A-A234-591156D31069}.Release|ARM.ActiveCfg = Release|ARM
		{9CEB3B64-E099-413A-A234-591156D31069}.Release|ARM.Build.0 = Release|ARM
		{9CEB3B64-E099-413A-A234-591156D31069}.Release|ARM.Deploy.0 = Release|ARM
		{9CEB3B64-E099-413A-A234-591156D31069}.Release|x64.ActiveCfg = Release|Any CPU
		{9CEB3B64-E099-413A-A234-591156D31069}.Release|x64.Build.0 = Release|Any CPU
		{9CEB3B64-E099-413A-A234-591156D31069}.Release|x64.Deploy.0 = Release|Any CPU
		{9CEB3B64-E099-413A-A234-591156D31069}.Release|x86.ActiveCfg = Release|x86
		{9CEB3B64-E099-413A-A234-591156D31069}.Release|x86.Build.0 = Release|x86
		{9CEB3B64-E099-413A-A234-591156D31069}.Release|x86.Deploy.0 = Release|x86
		{5796F605-213E-45C1-BD46-62AB9BEC3CC0}.Debug|Any CPU.ActiveCfg = Debug|Win32
		{5796F605-213E-45C1-BD46-62AB9BEC3CC0}.Debug|ARM.ActiveCfg = Debug|ARM
		{5796F605-213E-45C1-BD46-62AB9BEC3CC0}.Debug|ARM.Build.0 = Debug|ARM
		{5796F605-213E-45C1-BD46-62AB9BEC3CC0}.Debug|x64.ActiveCfg = Debug|ARM
		{5796F605-213E-45C1-BD46-62AB9BEC3CC0}.Debug|x64.Build.0 = Debug|ARM
		{5796F605-213E-45C1-BD46-62AB9BEC3CC0}.Debug|x64.Deploy.0 = Debug|ARM
		{5796F605-213E-45C1-BD46-62AB9BEC3CC0}.Debug|x86.ActiveCfg = Debug|Win32
		{5796F605-213E-45C1-BD46-62AB9BEC3CC0}.Debug|x86.Build.0 = Debug|Win32
		{5796F605-213E-45C1-BD46-62AB9BEC3CC0}.Release|Any CPU.ActiveCfg = Release|Win32
		{5796F605-213E-45C1-BD46-62AB9BEC3CC0}.Release|ARM.ActiveCfg = Release|ARM
		{5796F605-213E-45C1-BD46-62AB9BEC3CC0}.Release|ARM.Build.0 = Release|ARM
		{5796F605-213E-45C1-BD46-62AB9BEC3CC0}.Release|x64.ActiveCfg = Release|Win32
		{5796F605-213E-45C1-BD46-62AB9BEC3CC0}.Release|x86.ActiveCfg = Release|Win32
		{5796F605-213E-45C1-BD46-62AB9BEC3CC0}.Release|x86.Build.0 = Release|Win32
		{BF8CE2EC-1E71-42F9-B832-87FADDAFBB6B}.Debug|Any CPU.ActiveCfg = Debug|Win32
		{BF8CE2EC-1E71-42F9-B832-87FADDAFBB6B}.Debug|ARM.ActiveCfg = Debug|ARM
		{BF8CE2EC-1E71-42F9-B832-87FADDAFBB6B}.Debug|ARM.Build.0 = Debug|ARM
		{BF8CE2EC-1E71-42F9-B832-87FADDAFBB6B}.Debug|x64.ActiveCfg = Debug|x64
		{BF8CE2EC-1E71-42F9-B832-87FADDAFBB6B}.Debug|x64.Build.0 = Debug|x64
		{BF8CE2EC-1E71-42F9-B832-87FADDAFBB6B}.Debug|x86.ActiveCfg = Debug|Win32
		{BF8CE2EC-1E71-42F9-B832-87FADDAFBB6B}.Debug|x86.Build.0 = Debug|Win32
		{BF8CE2EC-1E71-42F9-B832-87FADDAFBB6B}.Release|Any CPU.ActiveCfg = Release|Win32
		{BF8CE2EC-1E71-42F9-B832-87FADDAFBB6B}.Release|ARM.ActiveCfg = Release|ARM
		{BF8CE2EC-1E71-42F9-B832-87FADDAFBB6B}.Release|ARM.Build.0 = Release|ARM
		{BF8CE2EC-1E71-42F9-B832-87FADDAFBB6B}.Release|x64.ActiveCfg = Release|x64
		{BF8CE2EC-1E71-42F9-B832-87FADDAFBB6B}.Release|x64.Build.0 = Release|x64
		{BF8CE2EC-1E71-42F9-B832-87FADDAFBB6B}.Release|x86.ActiveCfg = Release|Win32
		{BF8CE2EC-1E71-42F9-B832-87FADDAFBB6B}.Release|x86.Build.0 = Release|Win32
	EndGlobalSection
	GlobalSection(SolutionProperties) = preSolution
		HideSolutionNode = FALSE
	EndGlobalSection
	GlobalSection(NestedProjects) = preSolution
		{B40E93D1-23C2-490D-ACF6-C7C0BF7CC6CE} = {B8617AA7-6DBB-4B3E-9186-4DD6AB35EDE8}
		{73256886-AB19-48B3-88F8-80EB2C04B3F4} = {B8617AA7-6DBB-4B3E-9186-4DD6AB35EDE8}
		{9CEB3B64-E099-413A-A234-591156D31069} = {B8617AA7-6DBB-4B3E-9186-4DD6AB35EDE8}
	EndGlobalSection
EndGlobal
