# THIS IS AN AUTOGENERATED FILE. DO NOT EDIT THIS FILE DIRECTLY.
# yarn lockfile v1


electron-positioner@^3.0.0:
  version "3.0.0"
  resolved "https://registry.yarnpkg.com/electron-positioner/-/electron-positioner-3.0.0.tgz#1a3b75c9cc1e29dd37c663b23fd876d4ffab9996"

extend@^2.0.0:
  version "2.0.1"
  resolved "https://registry.yarnpkg.com/extend/-/extend-2.0.1.tgz#1ee8010689e7395ff9448241c98652bc759a8260"

menubar@^5.1.0:
  version "5.2.0"
  resolved "https://registry.yarnpkg.com/menubar/-/menubar-5.2.0.tgz#36c70f12dab16b49aa7880a57b5c3ebcb315666d"
  dependencies:
    electron-positioner "^3.0.0"
    extend "^2.0.0"
